Microsoft Visual Studio Solution File, Format Version 12.00
# Visual Studio Version 17
VisualStudioVersion = 17.5.2.0
MinimumVisualStudioVersion = 10.0.40219.1
Project("{FAE04EC0-301F-11D3-BF4B-00C04F79EFBC}") = "X", "X\X.csproj", "{31249CE7-A542-6027-7F0D-895D08E0B8BB}"
EndProject
Global
	GlobalSection(SolutionConfigurationPlatforms) = preSolution
		Debug|Any CPU = Debug|Any CPU
		Release|Any CPU = Release|Any CPU
	EndGlobalSection
	GlobalSection(ProjectConfigurationPlatforms) = postSolution
		{31249CE7-A542-6027-7F0D-895D08E0B8BB}.Debug|Any CPU.ActiveCfg = Debug|Any CPU
		{31249CE7-A542-6027-7F0D-895D08E0B8BB}.Debug|Any CPU.Build.0 = Debug|Any CPU
		{31249CE7-A542-6027-7F0D-895D08E0B8BB}.Release|Any CPU.ActiveCfg = Release|Any CPU
		{31249CE7-A542-6027-7F0D-895D08E0B8BB}.Release|Any CPU.Build.0 = Release|Any CPU
	EndGlobalSection
	GlobalSection(SolutionProperties) = preSolution
		HideSolutionNode = FALSE
	EndGlobalSection
	GlobalSection(ExtensibilityGlobals) = postSolution
		SolutionGuid = {6F4B4C12-27E8-424E-8559-65365A542545}
	EndGlobalSection
EndGlobal
